{
  "nodes": {
    "advisory-db": {
      "flake": false,
      "locked": {
        "lastModified": 1726496182,
        "narHash": "sha256-V5193OeAuy0smfeOF2omeJXk+kq+tlEzcpk2MrUpai0=",
        "owner": "rustsec",
        "repo": "advisory-db",
        "rev": "3cae2352cf82b5815b98aa309e0f4df6aa737cec",
        "type": "github"
      },
      "original": {
        "owner": "rustsec",
        "repo": "advisory-db",
        "type": "github"
      }
    },
    "blueprint": {
      "inputs": {
        "nixpkgs": [
          "nixpkgs"
        ],
        "systems": "systems"
      },
      "locked": {
        "lastModified": 1726602501,
        "narHash": "sha256-CjR5wLjo8+zE7WqSVfHS+NOiyFW6HMFMFONa6B8lYR8=",
        "owner": "numtide",
        "repo": "blueprint",
        "rev": "8d92ba0316f78a88bbc6ed3fda445f5699ad827e",
        "type": "github"
      },
      "original": {
        "owner": "numtide",
        "repo": "blueprint",
        "type": "github"
      }
    },
    "blueprint_2": {
      "inputs": {
        "nixpkgs": "nixpkgs",
        "systems": "systems_2"
      },
      "locked": {
        "lastModified": 1726602501,
        "narHash": "sha256-CjR5wLjo8+zE7WqSVfHS+NOiyFW6HMFMFONa6B8lYR8=",
        "owner": "numtide",
        "repo": "blueprint",
        "rev": "8d92ba0316f78a88bbc6ed3fda445f5699ad827e",
        "type": "github"
      },
      "original": {
        "owner": "numtide",
        "repo": "blueprint",
        "type": "github"
      }
    },
    "cargo-nextest-xdg": {
      "inputs": {
        "blueprint": "blueprint_2",
        "nixpkgs": [
          "nixpkgs"
        ],
        "treefmt-nix": "treefmt-nix"
      },
      "locked": {
        "lastModified": 1726603864,
        "narHash": "sha256-LIc2OWYPCvs+86bONASO2zVgtRL9oYm10qTfMBVCY9M=",
        "owner": "adam-gaia",
        "repo": "cargo-nextest-xdg",
        "rev": "541a75911c51b42c807e02bb913594e8d07eea67",
        "type": "github"
      },
      "original": {
        "owner": "adam-gaia",
        "repo": "cargo-nextest-xdg",
        "type": "github"
      }
    },
    "crane": {
      "locked": {
        "lastModified": 1725409566,
        "narHash": "sha256-PrtLmqhM6UtJP7v7IGyzjBFhbG4eOAHT6LPYOFmYfbk=",
        "owner": "ipetkov",
        "repo": "crane",
        "rev": "7e4586bad4e3f8f97a9271def747cf58c4b68f3c",
        "type": "github"
      },
      "original": {
        "owner": "ipetkov",
        "repo": "crane",
        "type": "github"
      }
    },
    "fenix": {
      "inputs": {
        "nixpkgs": [
          "nixpkgs"
        ],
        "rust-analyzer-src": []
      },
      "locked": {
        "lastModified": 1726641202,
        "narHash": "sha256-NrSmOWnr0bIudOLwXd7UwspaHCGwVp8F0jed+nleWpI=",
        "owner": "nix-community",
        "repo": "fenix",
        "rev": "59e6cc52c6242800bb448c5a2b6427bd949385ad",
        "type": "github"
      },
      "original": {
        "owner": "nix-community",
        "repo": "fenix",
        "type": "github"
      }
    },
    "nixpkgs": {
      "locked": {
        "lastModified": 1711703276,
        "narHash": "sha256-iMUFArF0WCatKK6RzfUJknjem0H9m4KgorO/p3Dopkk=",
        "owner": "nixos",
        "repo": "nixpkgs",
        "rev": "d8fe5e6c92d0d190646fb9f1056741a229980089",
        "type": "github"
      },
      "original": {
        "owner": "nixos",
        "ref": "nixos-unstable",
        "repo": "nixpkgs",
        "type": "github"
      }
    },
    "nixpkgs_2": {
      "locked": {
        "lastModified": 1726583932,
        "narHash": "sha256-zACxiQx8knB3F8+Ze+1BpiYrI+CbhxyWpcSID9kVhkQ=",
        "owner": "NixOS",
        "repo": "nixpkgs",
        "rev": "658e7223191d2598641d50ee4e898126768fe847",
        "type": "github"
      },
      "original": {
        "owner": "NixOS",
        "ref": "nixpkgs-unstable",
        "repo": "nixpkgs",
        "type": "github"
      }
    },
    "root": {
      "inputs": {
        "advisory-db": "advisory-db",
        "blueprint": "blueprint",
        "cargo-nextest-xdg": "cargo-nextest-xdg",
        "crane": "crane",
        "fenix": "fenix",
        "nixpkgs": "nixpkgs_2",
        "treefmt-nix": "treefmt-nix_2"
      }
    },
    "systems": {
      "locked": {
        "lastModified": 1681028828,
        "narHash": "sha256-Vy1rq5AaRuLzOxct8nz4T6wlgyUR7zLU309k9mBC768=",
        "owner": "nix-systems",
        "repo": "default",
        "rev": "da67096a3b9bf56a91d16901293e51ba5b49a27e",
        "type": "github"
      },
      "original": {
        "owner": "nix-systems",
        "repo": "default",
        "type": "github"
      }
    },
    "systems_2": {
      "locked": {
        "lastModified": 1681028828,
        "narHash": "sha256-Vy1rq5AaRuLzOxct8nz4T6wlgyUR7zLU309k9mBC768=",
        "owner": "nix-systems",
        "repo": "default",
        "rev": "da67096a3b9bf56a91d16901293e51ba5b49a27e",
        "type": "github"
      },
      "original": {
        "owner": "nix-systems",
        "repo": "default",
        "type": "github"
      }
    },
    "treefmt-nix": {
      "inputs": {
        "nixpkgs": [
          "cargo-nextest-xdg",
          "nixpkgs"
        ]
      },
      "locked": {
        "lastModified": 1726560002,
        "narHash": "sha256-3zr63B6CDZ8FnzrRUvNZlsxLmFjaNyis6R91GjUCIhU=",
        "owner": "numtide",
        "repo": "treefmt-nix",
        "rev": "77dd46bf0ec7febbc0022bb6e4449cdc49af95d7",
        "type": "github"
      },
      "original": {
        "owner": "numtide",
        "repo": "treefmt-nix",
        "type": "github"
      }
    },
    "treefmt-nix_2": {
      "inputs": {
        "nixpkgs": [
          "nixpkgs"
        ]
      },
      "locked": {
        "lastModified": 1726646204,
        "narHash": "sha256-Ftjw+30n/HeFxtvw/c0+hzT6d3kbwPnGruhbrKnbwOI=",
        "owner": "numtide",
        "repo": "treefmt-nix",
        "rev": "41266e63a00c55b488f8f977051d4bd20e77f644",
        "type": "github"
      },
      "original": {
        "owner": "numtide",
        "repo": "treefmt-nix",
        "type": "github"
      }
    }
  },
  "root": "root",
  "version": 7
}
